
Microsoft Visual Studio Solution File, Format Version 12.00
Project("{FAE04EC0-301F-11D3-BF4B-00C04F79EFBC}") = "KafkaDocker", "KafkaDocker\KafkaDocker.csproj", "{F368998A-169B-4247-A764-CC4BD4E19382}"
EndProject
Global
	GlobalSection(SolutionConfigurationPlatforms) = preSolution
		Debug|Any CPU = Debug|Any CPU
		Release|Any CPU = Release|Any CPU
	EndGlobalSection
	GlobalSection(ProjectConfigurationPlatforms) = postSolution
		{F368998A-169B-4247-A764-CC4BD4E19382}.Debug|Any CPU.ActiveCfg = Debug|Any CPU
		{F368998A-169B-4247-A764-CC4BD4E19382}.Debug|Any CPU.Build.0 = Debug|Any CPU
		{F368998A-169B-4247-A764-CC4BD4E19382}.Release|Any CPU.ActiveCfg = Release|Any CPU
		{F368998A-169B-4247-A764-CC4BD4E19382}.Release|Any CPU.Build.0 = Release|Any CPU
	EndGlobalSection
EndGlobal
